
Microsoft Visual Studio Solution File, Format Version 12.00
# Visual Studio Version 16
VisualStudioVersion = 16.0.31729.503
MinimumVisualStudioVersion = 10.0.40219.1
Project("{FAE04EC0-301F-11D3-BF4B-00C04F79EFBC}") = "Proyecto-web", "Proyecto-web\Proyecto-web.csproj", "{1FBDF9CB-8DC5-4C8E-830F-48213AD0BF55}"
EndProject
Project("{FAE04EC0-301F-11D3-BF4B-00C04F79EFBC}") = "Logica", "Logica\Logica.csproj", "{0E6240D9-7994-44CF-B5DF-1D0816A7B0F3}"
EndProject
Project("{FAE04EC0-301F-11D3-BF4B-00C04F79EFBC}") = "Datos", "Datos\Datos.csproj", "{E9FF5BC0-0708-4597-91F4-68270DDF10CF}"
EndProject
Project("{FAE04EC0-301F-11D3-BF4B-00C04F79EFBC}") = "Entidades", "Entidades\Entidades.csproj", "{0E527939-BA19-4B6C-8E21-09780AE21C02}"
EndProject
Global
	GlobalSection(SolutionConfigurationPlatforms) = preSolution
		Debug|Any CPU = Debug|Any CPU
		Release|Any CPU = Release|Any CPU
	EndGlobalSection
	GlobalSection(ProjectConfigurationPlatforms) = postSolution
		{1FBDF9CB-8DC5-4C8E-830F-48213AD0BF55}.Debug|Any CPU.ActiveCfg = Debug|Any CPU
		{1FBDF9CB-8DC5-4C8E-830F-48213AD0BF55}.Debug|Any CPU.Build.0 = Debug|Any CPU
		{1FBDF9CB-8DC5-4C8E-830F-48213AD0BF55}.Release|Any CPU.ActiveCfg = Release|Any CPU
		{1FBDF9CB-8DC5-4C8E-830F-48213AD0BF55}.Release|Any CPU.Build.0 = Release|Any CPU
		{0E6240D9-7994-44CF-B5DF-1D0816A7B0F3}.Debug|Any CPU.ActiveCfg = Debug|Any CPU
		{0E6240D9-7994-44CF-B5DF-1D0816A7B0F3}.Debug|Any CPU.Build.0 = Debug|Any CPU
		{0E6240D9-7994-44CF-B5DF-1D0816A7B0F3}.Release|Any CPU.ActiveCfg = Release|Any CPU
		{0E6240D9-7994-44CF-B5DF-1D0816A7B0F3}.Release|Any CPU.Build.0 = Release|Any CPU
		{E9FF5BC0-0708-4597-91F4-68270DDF10CF}.Debug|Any CPU.ActiveCfg = Debug|Any CPU
		{E9FF5BC0-0708-4597-91F4-68270DDF10CF}.Debug|Any CPU.Build.0 = Debug|Any CPU
		{E9FF5BC0-0708-4597-91F4-68270DDF10CF}.Release|Any CPU.ActiveCfg = Release|Any CPU
		{E9FF5BC0-0708-4597-91F4-68270DDF10CF}.Release|Any CPU.Build.0 = Release|Any CPU
		{0E527939-BA19-4B6C-8E21-09780AE21C02}.Debug|Any CPU.ActiveCfg = Debug|Any CPU
		{0E527939-BA19-4B6C-8E21-09780AE21C02}.Debug|Any CPU.Build.0 = Debug|Any CPU
		{0E527939-BA19-4B6C-8E21-09780AE21C02}.Release|Any CPU.ActiveCfg = Release|Any CPU
		{0E527939-BA19-4B6C-8E21-09780AE21C02}.Release|Any CPU.Build.0 = Release|Any CPU
	EndGlobalSection
	GlobalSection(SolutionProperties) = preSolution
		HideSolutionNode = FALSE
	EndGlobalSection
	GlobalSection(ExtensibilityGlobals) = postSolution
		SolutionGuid = {46CFDF13-8F68-4FE3-BFCF-DC49E665AF93}
	EndGlobalSection
EndGlobal
